// !$*UTF8*$!
{
	archiveVersion = 1;
	classes = {
	};
	objectVersion = 46;
	objects = {

/* Begin PBXBuildFile section */
		A5319FA31924573800EF967B /* Foundation.framework in Frameworks */ = {isa = PBXBuildFile; fileRef = A5319FA21924573800EF967B /* Foundation.framework */; };
		A5319FA51924573800EF967B /* CoreGraphics.framework in Frameworks */ = {isa = PBXBuildFile; fileRef = A5319FA41924573800EF967B /* CoreGraphics.framework */; };
		A5319FA71924573800EF967B /* UIKit.framework in Frameworks */ = {isa = PBXBuildFile; fileRef = A5319FA61924573800EF967B /* UIKit.framework */; };
		A5319FAD1924573800EF967B /* InfoPlist.strings in Resources */ = {isa = PBXBuildFile; fileRef = A5319FAB1924573800EF967B /* InfoPlist.strings */; };
		A5319FAF1924573800EF967B /* main.m in Sources */ = {isa = PBXBuildFile; fileRef = A5319FAE1924573800EF967B /* main.m */; };
		A5319FB31924573800EF967B /* BNRAppDelegate.m in Sources */ = {isa = PBXBuildFile; fileRef = A5319FB21924573800EF967B /* BNRAppDelegate.m */; };
		A5319FB51924573800EF967B /* Images.xcassets in Resources */ = {isa = PBXBuildFile; fileRef = A5319FB41924573800EF967B /* Images.xcassets */; };
		A5319FBC1924573800EF967B /* XCTest.framework in Frameworks */ = {isa = PBXBuildFile; fileRef = A5319FBB1924573800EF967B /* XCTest.framework */; };
		A5319FBD1924573800EF967B /* Foundation.framework in Frameworks */ = {isa = PBXBuildFile; fileRef = A5319FA21924573800EF967B /* Foundation.framework */; };
		A5319FBE1924573800EF967B /* UIKit.framework in Frameworks */ = {isa = PBXBuildFile; fileRef = A5319FA61924573800EF967B /* UIKit.framework */; };
		A5319FC61924573800EF967B /* InfoPlist.strings in Resources */ = {isa = PBXBuildFile; fileRef = A5319FC41924573800EF967B /* InfoPlist.strings */; };
		A5319FC81924573800EF967B /* HomepwnerTests.m in Sources */ = {isa = PBXBuildFile; fileRef = A5319FC71924573800EF967B /* HomepwnerTests.m */; };
		A5319FD31924579400EF967B /* BNRItemsViewController.m in Sources */ = {isa = PBXBuildFile; fileRef = A5319FD21924579400EF967B /* BNRItemsViewController.m */; };
		A5319FD619245BDD00EF967B /* BNRItem.m in Sources */ = {isa = PBXBuildFile; fileRef = A5319FD519245BDD00EF967B /* BNRItem.m */; };
		A5319FD919245CF200EF967B /* BNRItemStore.m in Sources */ = {isa = PBXBuildFile; fileRef = A5319FD819245CF200EF967B /* BNRItemStore.m */; };
		A5319FDB1925B57D00EF967B /* HeaderView.xib in Resources */ = {isa = PBXBuildFile; fileRef = A5319FDA1925B57D00EF967B /* HeaderView.xib */; };
		A58C0A8319283A0B00366EA1 /* BNRDetailViewController.m in Sources */ = {isa = PBXBuildFile; fileRef = A58C0A8119283A0B00366EA1 /* BNRDetailViewController.m */; };
		A58C0A8419283A0B00366EA1 /* BNRDetailViewController.xib in Resources */ = {isa = PBXBuildFile; fileRef = A58C0A8219283A0B00366EA1 /* BNRDetailViewController.xib */; };
		A58C0A881928F23900366EA1 /* BNRImageStore.m in Sources */ = {isa = PBXBuildFile; fileRef = A58C0A871928F23900366EA1 /* BNRImageStore.m */; };
/* End PBXBuildFile section */

/* Begin PBXContainerItemProxy section */
		A5319FBF1924573800EF967B /* PBXContainerItemProxy */ = {
			isa = PBXContainerItemProxy;
			containerPortal = A5319F971924573800EF967B /* Project object */;
			proxyType = 1;
			remoteGlobalIDString = A5319F9E1924573800EF967B;
			remoteInfo = Homepwner;
		};
/* End PBXContainerItemProxy section */

/* Begin PBXFileReference section */
		A5319F9F1924573800EF967B /* Homepwner.app */ = {isa = PBXFileReference; explicitFileType = wrapper.application; includeInIndex = 0; path = Homepwner.app; sourceTree = BUILT_PRODUCTS_DIR; };
		A5319FA21924573800EF967B /* Foundation.framework */ = {isa = PBXFileReference; lastKnownFileType = wrapper.framework; name = Foundation.framework; path = System/Library/Frameworks/Foundation.framework; sourceTree = SDKROOT; };
		A5319FA41924573800EF967B /* CoreGraphics.framework */ = {isa = PBXFileReference; lastKnownFileType = wrapper.framework; name = CoreGraphics.framework; path = System/Library/Frameworks/CoreGraphics.framework; sourceTree = SDKROOT; };
		A5319FA61924573800EF967B /* UIKit.framework */ = {isa = PBXFileReference; lastKnownFileType = wrapper.framework; name = UIKit.framework; path = System/Library/Frameworks/UIKit.framework; sourceTree = SDKROOT; };
		A5319FAA1924573800EF967B /* Homepwner-Info.plist */ = {isa = PBXFileReference; lastKnownFileType = text.plist.xml; path = "Homepwner-Info.plist"; sourceTree = "<group>"; };
		A5319FAC1924573800EF967B /* en */ = {isa = PBXFileReference; lastKnownFileType = text.plist.strings; name = en; path = en.lproj/InfoPlist.strings; sourceTree = "<group>"; };
		A5319FAE1924573800EF967B /* main.m */ = {isa = PBXFileReference; lastKnownFileType = sourcecode.c.objc; path = main.m; sourceTree = "<group>"; };
		A5319FB01924573800EF967B /* Homepwner-Prefix.pch */ = {isa = PBXFileReference; lastKnownFileType = sourcecode.c.h; path = "Homepwner-Prefix.pch"; sourceTree = "<group>"; };
		A5319FB11924573800EF967B /* BNRAppDelegate.h */ = {isa = PBXFileReference; lastKnownFileType = sourcecode.c.h; path = BNRAppDelegate.h; sourceTree = "<group>"; };
		A5319FB21924573800EF967B /* BNRAppDelegate.m */ = {isa = PBXFileReference; lastKnownFileType = sourcecode.c.objc; path = BNRAppDelegate.m; sourceTree = "<group>"; };
		A5319FB41924573800EF967B /* Images.xcassets */ = {isa = PBXFileReference; lastKnownFileType = folder.assetcatalog; path = Images.xcassets; sourceTree = "<group>"; };
		A5319FBA1924573800EF967B /* HomepwnerTests.xctest */ = {isa = PBXFileReference; explicitFileType = wrapper.cfbundle; includeInIndex = 0; path = HomepwnerTests.xctest; sourceTree = BUILT_PRODUCTS_DIR; };
		A5319FBB1924573800EF967B /* XCTest.framework */ = {isa = PBXFileReference; lastKnownFileType = wrapper.framework; name = XCTest.framework; path = Library/Frameworks/XCTest.framework; sourceTree = DEVELOPER_DIR; };
		A5319FC31924573800EF967B /* HomepwnerTests-Info.plist */ = {isa = PBXFileReference; lastKnownFileType = text.plist.xml; path = "HomepwnerTests-Info.plist"; sourceTree = "<group>"; };
		A5319FC51924573800EF967B /* en */ = {isa = PBXFileReference; lastKnownFileType = text.plist.strings; name = en; path = en.lproj/InfoPlist.strings; sourceTree = "<group>"; };
		A5319FC71924573800EF967B /* HomepwnerTests.m */ = {isa = PBXFileReference; lastKnownFileType = sourcecode.c.objc; path = HomepwnerTests.m; sourceTree = "<group>"; };
		A5319FD11924579400EF967B /* BNRItemsViewController.h */ = {isa = PBXFileReference; fileEncoding = 4; lastKnownFileType = sourcecode.c.h; path = BNRItemsViewController.h; sourceTree = "<group>"; };
		A5319FD21924579400EF967B /* BNRItemsViewController.m */ = {isa = PBXFileReference; fileEncoding = 4; lastKnownFileType = sourcecode.c.objc; path = BNRItemsViewController.m; sourceTree = "<group>"; };
		A5319FD419245BDD00EF967B /* BNRItem.h */ = {isa = PBXFileReference; fileEncoding = 4; lastKnownFileType = sourcecode.c.h; path = BNRItem.h; sourceTree = "<group>"; };
		A5319FD519245BDD00EF967B /* BNRItem.m */ = {isa = PBXFileReference; fileEncoding = 4; lastKnownFileType = sourcecode.c.objc; path = BNRItem.m; sourceTree = "<group>"; };
		A5319FD719245CF200EF967B /* BNRItemStore.h */ = {isa = PBXFileReference; fileEncoding = 4; lastKnownFileType = sourcecode.c.h; path = BNRItemStore.h; sourceTree = "<group>"; };
		A5319FD819245CF200EF967B /* BNRItemStore.m */ = {isa = PBXFileReference; fileEncoding = 4; lastKnownFileType = sourcecode.c.objc; path = BNRItemStore.m; sourceTree = "<group>"; };
		A5319FDA1925B57D00EF967B /* HeaderView.xib */ = {isa = PBXFileReference; fileEncoding = 4; lastKnownFileType = file.xib; path = HeaderView.xib; sourceTree = "<group>"; };
		A58C0A8019283A0B00366EA1 /* BNRDetailViewController.h */ = {isa = PBXFileReference; fileEncoding = 4; lastKnownFileType = sourcecode.c.h; path = BNRDetailViewController.h; sourceTree = "<group>"; };
		A58C0A8119283A0B00366EA1 /* BNRDetailViewController.m */ = {isa = PBXFileReference; fileEncoding = 4; lastKnownFileType = sourcecode.c.objc; path = BNRDetailViewController.m; sourceTree = "<group>"; };
		A58C0A8219283A0B00366EA1 /* BNRDetailViewController.xib */ = {isa = PBXFileReference; fileEncoding = 4; lastKnownFileType = file.xib; path = BNRDetailViewController.xib; sourceTree = "<group>"; };
		A58C0A861928F23900366EA1 /* BNRImageStore.h */ = {isa = PBXFileReference; fileEncoding = 4; lastKnownFileType = sourcecode.c.h; path = BNRImageStore.h; sourceTree = "<group>"; };
		A58C0A871928F23900366EA1 /* BNRImageStore.m */ = {isa = PBXFileReference; fileEncoding = 4; lastKnownFileType = sourcecode.c.objc; path = BNRImageStore.m; sourceTree = "<group>"; };
/* End PBXFileReference section */

/* Begin PBXFrameworksBuildPhase section */
		A5319F9C1924573800EF967B /* Frameworks */ = {
			isa = PBXFrameworksBuildPhase;
			buildActionMask = 2147483647;
			files = (
				A5319FA51924573800EF967B /* CoreGraphics.framework in Frameworks */,
				A5319FA71924573800EF967B /* UIKit.framework in Frameworks */,
				A5319FA31924573800EF967B /* Foundation.framework in Frameworks */,
			);
			runOnlyForDeploymentPostprocessing = 0;
		};
		A5319FB71924573800EF967B /* Frameworks */ = {
			isa = PBXFrameworksBuildPhase;
			buildActionMask = 2147483647;
			files = (
				A5319FBC1924573800EF967B /* XCTest.framework in Frameworks */,
				A5319FBE1924573800EF967B /* UIKit.framework in Frameworks */,
				A5319FBD1924573800EF967B /* Foundation.framework in Frameworks */,
			);
			runOnlyForDeploymentPostprocessing = 0;
		};
/* End PBXFrameworksBuildPhase section */

/* Begin PBXGroup section */
		A5319F961924573800EF967B = {
			isa = PBXGroup;
			children = (
				A5319FD11924579400EF967B /* BNRItemsViewController.h */,
				A5319FD21924579400EF967B /* BNRItemsViewController.m */,
				A5319FDA1925B57D00EF967B /* HeaderView.xib */,
				A5319FA81924573800EF967B /* Homepwner */,
				A5319FC11924573800EF967B /* HomepwnerTests */,
				A5319FA11924573800EF967B /* Frameworks */,
				A5319FA01924573800EF967B /* Products */,
				A5319FD419245BDD00EF967B /* BNRItem.h */,
				A5319FD519245BDD00EF967B /* BNRItem.m */,
				A5319FD719245CF200EF967B /* BNRItemStore.h */,
				A5319FD819245CF200EF967B /* BNRItemStore.m */,
			);
			sourceTree = "<group>";
		};
		A5319FA01924573800EF967B /* Products */ = {
			isa = PBXGroup;
			children = (
				A5319F9F1924573800EF967B /* Homepwner.app */,
				A5319FBA1924573800EF967B /* HomepwnerTests.xctest */,
			);
			name = Products;
			sourceTree = "<group>";
		};
		A5319FA11924573800EF967B /* Frameworks */ = {
			isa = PBXGroup;
			children = (
				A5319FA21924573800EF967B /* Foundation.framework */,
				A5319FA41924573800EF967B /* CoreGraphics.framework */,
				A5319FA61924573800EF967B /* UIKit.framework */,
				A5319FBB1924573800EF967B /* XCTest.framework */,
			);
			name = Frameworks;
			sourceTree = "<group>";
		};
		A5319FA81924573800EF967B /* Homepwner */ = {
			isa = PBXGroup;
			children = (
				A5319FB11924573800EF967B /* BNRAppDelegate.h */,
				A5319FB21924573800EF967B /* BNRAppDelegate.m */,
				A58C0A8019283A0B00366EA1 /* BNRDetailViewController.h */,
				A58C0A8119283A0B00366EA1 /* BNRDetailViewController.m */,
				A58C0A861928F23900366EA1 /* BNRImageStore.h */,
				A58C0A871928F23900366EA1 /* BNRImageStore.m */,
				A58C0A8219283A0B00366EA1 /* BNRDetailViewController.xib */,
				A5319FB41924573800EF967B /* Images.xcassets */,
				A5319FA91924573800EF967B /* Supporting Files */,
			);
			path = Homepwner;
			sourceTree = "<group>";
		};
		A5319FA91924573800EF967B /* Supporting Files */ = {
			isa = PBXGroup;
			children = (
				A5319FAA1924573800EF967B /* Homepwner-Info.plist */,
				A5319FAB1924573800EF967B /* InfoPlist.strings */,
				A5319FAE1924573800EF967B /* main.m */,
				A5319FB01924573800EF967B /* Homepwner-Prefix.pch */,
			);
			name = "Supporting Files";
			sourceTree = "<group>";
		};
		A5319FC11924573800EF967B /* HomepwnerTests */ = {
			isa = PBXGroup;
			children = (
				A5319FC71924573800EF967B /* HomepwnerTests.m */,
				A5319FC21924573800EF967B /* Supporting Files */,
			);
			path = HomepwnerTests;
			sourceTree = "<group>";
		};
		A5319FC21924573800EF967B /* Supporting Files */ = {
			isa = PBXGroup;
			children = (
				A5319FC31924573800EF967B /* HomepwnerTests-Info.plist */,
				A5319FC41924573800EF967B /* InfoPlist.strings */,
			);
			name = "Supporting Files";
			sourceTree = "<group>";
		};
/* End PBXGroup section */

/* Begin PBXNativeTarget section */
		A5319F9E1924573800EF967B /* Homepwner */ = {
			isa = PBXNativeTarget;
			buildConfigurationList = A5319FCB1924573800EF967B /* Build configuration list for PBXNativeTarget "Homepwner" */;
			buildPhases = (
				A5319F9B1924573800EF967B /* Sources */,
				A5319F9C1924573800EF967B /* Frameworks */,
				A5319F9D1924573800EF967B /* Resources */,
			);
			buildRules = (
			);
			dependencies = (
			);
			name = Homepwner;
			productName = Homepwner;
			productReference = A5319F9F1924573800EF967B /* Homepwner.app */;
			productType = "com.apple.product-type.application";
		};
		A5319FB91924573800EF967B /* HomepwnerTests */ = {
			isa = PBXNativeTarget;
			buildConfigurationList = A5319FCE1924573800EF967B /* Build configuration list for PBXNativeTarget "HomepwnerTests" */;
			buildPhases = (
				A5319FB61924573800EF967B /* Sources */,
				A5319FB71924573800EF967B /* Frameworks */,
				A5319FB81924573800EF967B /* Resources */,
			);
			buildRules = (
			);
			dependencies = (
				A5319FC01924573800EF967B /* PBXTargetDependency */,
			);
			name = HomepwnerTests;
			productName = HomepwnerTests;
			productReference = A5319FBA1924573800EF967B /* HomepwnerTests.xctest */;
			productType = "com.apple.product-type.bundle.unit-test";
		};
/* End PBXNativeTarget section */

/* Begin PBXProject section */
		A5319F971924573800EF967B /* Project object */ = {
			isa = PBXProject;
			attributes = {
				CLASSPREFIX = BNR;
				LastUpgradeCheck = 0510;
				ORGANIZATIONNAME = Brandomination;
				TargetAttributes = {
					A5319FB91924573800EF967B = {
						TestTargetID = A5319F9E1924573800EF967B;
					};
				};
			};
			buildConfigurationList = A5319F9A1924573800EF967B /* Build configuration list for PBXProject "Homepwner" */;
			compatibilityVersion = "Xcode 3.2";
			developmentRegion = English;
			hasScannedForEncodings = 0;
			knownRegions = (
				en,
			);
			mainGroup = A5319F961924573800EF967B;
			productRefGroup = A5319FA01924573800EF967B /* Products */;
			projectDirPath = "";
			projectRoot = "";
			targets = (
				A5319F9E1924573800EF967B /* Homepwner */,
				A5319FB91924573800EF967B /* HomepwnerTests */,
			);
		};
/* End PBXProject section */

/* Begin PBXResourcesBuildPhase section */
		A5319F9D1924573800EF967B /* Resources */ = {
			isa = PBXResourcesBuildPhase;
			buildActionMask = 2147483647;
			files = (
				A58C0A8419283A0B00366EA1 /* BNRDetailViewController.xib in Resources */,
				A5319FDB1925B57D00EF967B /* HeaderView.xib in Resources */,
				A5319FAD1924573800EF967B /* InfoPlist.strings in Resources */,
				A5319FB51924573800EF967B /* Images.xcassets in Resources */,
			);
			runOnlyForDeploymentPostprocessing = 0;
		};
		A5319FB81924573800EF967B /* Resources */ = {
			isa = PBXResourcesBuildPhase;
			buildActionMask = 2147483647;
			files = (
				A5319FC61924573800EF967B /* InfoPlist.strings in Resources */,
			);
			runOnlyForDeploymentPostprocessing = 0;
		};
/* End PBXResourcesBuildPhase section */

/* Begin PBXSourcesBuildPhase section */
		A5319F9B1924573800EF967B /* Sources */ = {
			isa = PBXSourcesBuildPhase;
			buildActionMask = 2147483647;
			files = (
				A58C0A8319283A0B00366EA1 /* BNRDetailViewController.m in Sources */,
				A5319FD919245CF200EF967B /* BNRItemStore.m in Sources */,
				A58C0A881928F23900366EA1 /* BNRImageStore.m in Sources */,
				A5319FD31924579400EF967B /* BNRItemsViewController.m in Sources */,
				A5319FD619245BDD00EF967B /* BNRItem.m in Sources */,
				A5319FAF1924573800EF967B /* main.m in Sources */,
				A5319FB31924573800EF967B /* BNRAppDelegate.m in Sources */,
			);
			runOnlyForDeploymentPostprocessing = 0;
		};
		A5319FB61924573800EF967B /* Sources */ = {
			isa = PBXSourcesBuildPhase;
			buildActionMask = 2147483647;
			files = (
				A5319FC81924573800EF967B /* HomepwnerTests.m in Sources */,
			);
			runOnlyForDeploymentPostprocessing = 0;
		};
/* End PBXSourcesBuildPhase section */

/* Begin PBXTargetDependency section */
		A5319FC01924573800EF967B /* PBXTargetDependency */ = {
			isa = PBXTargetDependency;
			target = A5319F9E1924573800EF967B /* Homepwner */;
			targetProxy = A5319FBF1924573800EF967B /* PBXContainerItemProxy */;
		};
/* End PBXTargetDependency section */

/* Begin PBXVariantGroup section */
		A5319FAB1924573800EF967B /* InfoPlist.strings */ = {
			isa = PBXVariantGroup;
			children = (
				A5319FAC1924573800EF967B /* en */,
			);
			name = InfoPlist.strings;
			sourceTree = "<group>";
		};
		A5319FC41924573800EF967B /* InfoPlist.strings */ = {
			isa = PBXVariantGroup;
			children = (
				A5319FC51924573800EF967B /* en */,
			);
			name = InfoPlist.strings;
			sourceTree = "<group>";
		};
/* End PBXVariantGroup section */

/* Begin XCBuildConfiguration section */
		A5319FC91924573800EF967B /* Debug */ = {
			isa = XCBuildConfiguration;
			buildSettings = {
				ALWAYS_SEARCH_USER_PATHS = NO;
				CLANG_CXX_LANGUAGE_STANDARD = "gnu++0x";
				CLANG_CXX_LIBRARY = "libc++";
				CLANG_ENABLE_MODULES = YES;
				CLANG_ENABLE_OBJC_ARC = YES;
				CLANG_WARN_BOOL_CONVERSION = YES;
				CLANG_WARN_CONSTANT_CONVERSION = YES;
				CLANG_WARN_DIRECT_OBJC_ISA_USAGE = YES_ERROR;
				CLANG_WARN_EMPTY_BODY = YES;
				CLANG_WARN_ENUM_CONVERSION = YES;
				CLANG_WARN_INT_CONVERSION = YES;
				CLANG_WARN_OBJC_ROOT_CLASS = YES_ERROR;
				CLANG_WARN__DUPLICATE_METHOD_MATCH = YES;
				"CODE_SIGN_IDENTITY[sdk=iphoneos*]" = "iPhone Developer";
				COPY_PHASE_STRIP = NO;
				GCC_C_LANGUAGE_STANDARD = gnu99;
				GCC_DYNAMIC_NO_PIC = NO;
				GCC_OPTIMIZATION_LEVEL = 0;
				GCC_PREPROCESSOR_DEFINITIONS = (
					"DEBUG=1",
					"$(inherited)",
				);
				GCC_SYMBOLS_PRIVATE_EXTERN = NO;
				GCC_WARN_64_TO_32_BIT_CONVERSION = YES;
				GCC_WARN_ABOUT_RETURN_TYPE = YES_ERROR;
				GCC_WARN_UNDECLARED_SELECTOR = YES;
				GCC_WARN_UNINITIALIZED_AUTOS = YES_AGGRESSIVE;
				GCC_WARN_UNUSED_FUNCTION = YES;
				GCC_WARN_UNUSED_VARIABLE = YES;
				IPHONEOS_DEPLOYMENT_TARGET = 7.1;
				ONLY_ACTIVE_ARCH = YES;
				SDKROOT = iphoneos;
			};
			name = Debug;
		};
		A5319FCA1924573800EF967B /* Release */ = {
			isa = XCBuildConfiguration;
			buildSettings = {
				ALWAYS_SEARCH_USER_PATHS = NO;
				CLANG_CXX_LANGUAGE_STANDARD = "gnu++0x";
				CLANG_CXX_LIBRARY = "libc++";
				CLANG_ENABLE_MODULES = YES;
				CLANG_ENABLE_OBJC_ARC = YES;
				CLANG_WARN_BOOL_CONVERSION = YES;
				CLANG_WARN_CONSTANT_CONVERSION = YES;
				CLANG_WARN_DIRECT_OBJC_ISA_USAGE = YES_ERROR;
				CLANG_WARN_EMPTY_BODY = YES;
				CLANG_WARN_ENUM_CONVERSION = YES;
				CLANG_WARN_INT_CONVERSION = YES;
				CLANG_WARN_OBJC_ROOT_CLASS = YES_ERROR;
				CLANG_WARN__DUPLICATE_METHOD_MATCH = YES;
				"CODE_SIGN_IDENTITY[sdk=iphoneos*]" = "iPhone Developer";
				COPY_PHASE_STRIP = YES;
				ENABLE_NS_ASSERTIONS = NO;
				GCC_C_LANGUAGE_STANDARD = gnu99;
				GCC_WARN_64_TO_32_BIT_CONVERSION = YES;
				GCC_WARN_ABOUT_RETURN_TYPE = YES_ERROR;
				GCC_WARN_UNDECLARED_SELECTOR = YES;
				GCC_WARN_UNINITIALIZED_AUTOS = YES_AGGRESSIVE;
				GCC_WARN_UNUSED_FUNCTION = YES;
				GCC_WARN_UNUSED_VARIABLE = YES;
				IPHONEOS_DEPLOYMENT_TARGET = 7.1;
				SDKROOT = iphoneos;
				VALIDATE_PRODUCT = YES;
			};
			name = Release;
		};
		A5319FCC1924573800EF967B /* Debug */ = {
			isa = XCBuildConfiguration;
			buildSettings = {
				ASSETCATALOG_COMPILER_APPICON_NAME = AppIcon;
				ASSETCATALOG_COMPILER_LAUNCHIMAGE_NAME = LaunchImage;
				GCC_PRECOMPILE_PREFIX_HEADER = YES;
				GCC_PREFIX_HEADER = "Homepwner/Homepwner-Prefix.pch";
				INFOPLIST_FILE = "Homepwner/Homepwner-Info.plist";
				PRODUCT_NAME = "$(TARGET_NAME)";
				WRAPPER_EXTENSION = app;
			};
			name = Debug;
		};
		A5319FCD1924573800EF967B /* Release */ = {
			isa = XCBuildConfiguration;
			buildSettings = {
				ASSETCATALOG_COMPILER_APPICON_NAME = AppIcon;
				ASSETCATALOG_COMPILER_LAUNCHIMAGE_NAME = LaunchImage;
				GCC_PRECOMPILE_PREFIX_HEADER = YES;
				GCC_PREFIX_HEADER = "Homepwner/Homepwner-Prefix.pch";
				INFOPLIST_FILE = "Homepwner/Homepwner-Info.plist";
				PRODUCT_NAME = "$(TARGET_NAME)";
				WRAPPER_EXTENSION = app;
			};
			name = Release;
		};
		A5319FCF1924573800EF967B /* Debug */ = {
			isa = XCBuildConfiguration;
			buildSettings = {
				BUNDLE_LOADER = "$(BUILT_PRODUCTS_DIR)/Homepwner.app/Homepwner";
				FRAMEWORK_SEARCH_PATHS = (
					"$(SDKROOT)/Developer/Library/Frameworks",
					"$(inherited)",
					"$(DEVELOPER_FRAMEWORKS_DIR)",
				);
				GCC_PRECOMPILE_PREFIX_HEADER = YES;
				GCC_PREFIX_HEADER = "Homepwner/Homepwner-Prefix.pch";
				GCC_PREPROCESSOR_DEFINITIONS = (
					"DEBUG=1",
					"$(inherited)",
				);
				INFOPLIST_FILE = "HomepwnerTests/HomepwnerTests-Info.plist";
				PRODUCT_NAME = "$(TARGET_NAME)";
				TEST_HOST = "$(BUNDLE_LOADER)";
				WRAPPER_EXTENSION = xctest;
			};
			name = Debug;
		};
		A5319FD01924573800EF967B /* Release */ = {
			isa = XCBuildConfiguration;
			buildSettings = {
				BUNDLE_LOADER = "$(BUILT_PRODUCTS_DIR)/Homepwner.app/Homepwner";
				FRAMEWORK_SEARCH_PATHS = (
					"$(SDKROOT)/Developer/Library/Frameworks",
					"$(inherited)",
					"$(DEVELOPER_FRAMEWORKS_DIR)",
				);
				GCC_PRECOMPILE_PREFIX_HEADER = YES;
				GCC_PREFIX_HEADER = "Homepwner/Homepwner-Prefix.pch";
				INFOPLIST_FILE = "HomepwnerTests/HomepwnerTests-Info.plist";
				PRODUCT_NAME = "$(TARGET_NAME)";
				TEST_HOST = "$(BUNDLE_LOADER)";
				WRAPPER_EXTENSION = xctest;
			};
			name = Release;
		};
/* End XCBuildConfiguration section */

/* Begin XCConfigurationList section */
		A5319F9A1924573800EF967B /* Build configuration list for PBXProject "Homepwner" */ = {
			isa = XCConfigurationList;
			buildConfigurations = (
				A5319FC91924573800EF967B /* Debug */,
				A5319FCA1924573800EF967B /* Release */,
			);
			defaultConfigurationIsVisible = 0;
			defaultConfigurationName = Release;
		};
		A5319FCB1924573800EF967B /* Build configuration list for PBXNativeTarget "Homepwner" */ = {
			isa = XCConfigurationList;
			buildConfigurations = (
				A5319FCC1924573800EF967B /* Debug */,
				A5319FCD1924573800EF967B /* Release */,
			);
			defaultConfigurationIsVisible = 0;
			defaultConfigurationName = Release;
		};
		A5319FCE1924573800EF967B /* Build configuration list for PBXNativeTarget "HomepwnerTests" */ = {
			isa = XCConfigurationList;
			buildConfigurations = (
				A5319FCF1924573800EF967B /* Debug */,
				A5319FD01924573800EF967B /* Release */,
			);
			defaultConfigurationIsVisible = 0;
			defaultConfigurationName = Release;
		};
/* End XCConfigurationList section */
	};
	rootObject = A5319F971924573800EF967B /* Project object */;
}
